{
  "object": {
    "pins": [
      {
        "package": "Commander",
        "repositoryURL": "https://github.com/devedbox/Commander.git",
        "state": {
          "branch": null,
          "revision": "ff1519c5bbf589e32a2daa024db5e9e40e462d0e",
          "version": "0.4.11"
        }
      }
    ]
  },
  "version": 1
}
