{
  "object": {
    "pins": [
      {
        "package": "Commander",
        "repositoryURL": "https://github.com/devedbox/Commander.git",
        "state": {
          "branch": null,
          "revision": "fcb0311f01d3c59fd3018fc7f87745f8526058fc",
          "version": "0.4.10"
        }
      }
    ]
  },
  "version": 1
}
